
Microsoft Visual Studio Solution File, Format Version 12.00
# Visual Studio 15
VisualStudioVersion = 15.0.28307.960
MinimumVisualStudioVersion = 10.0.40219.1
Project("{9A19103F-16F7-4668-BE54-9A1E7A4F7556}") = "NewsPublish.Model", "NewsPublish.Model\NewsPublish.Model.csproj", "{E48DC4CD-7D1A-417E-89D6-2E5D49BE1972}"
EndProject
Project("{9A19103F-16F7-4668-BE54-9A1E7A4F7556}") = "NewsPublish.Service", "NewsPublish.Service\NewsPublish.Service.csproj", "{9A695B48-3BA9-444C-B779-57DDC56F56D6}"
EndProject
Project("{FAE04EC0-301F-11D3-BF4B-00C04F79EFBC}") = "NewsPublish.Web", "NewsPublish.Web\NewsPublish.Web.csproj", "{93D6ABF2-A54A-4F38-B1F6-ED8BE7838780}"
EndProject
Global
	GlobalSection(SolutionConfigurationPlatforms) = preSolution
		Debug|Any CPU = Debug|Any CPU
		Release|Any CPU = Release|Any CPU
	EndGlobalSection
	GlobalSection(ProjectConfigurationPlatforms) = postSolution
		{E48DC4CD-7D1A-417E-89D6-2E5D49BE1972}.Debug|Any CPU.ActiveCfg = Debug|Any CPU
		{E48DC4CD-7D1A-417E-89D6-2E5D49BE1972}.Debug|Any CPU.Build.0 = Debug|Any CPU
		{E48DC4CD-7D1A-417E-89D6-2E5D49BE1972}.Release|Any CPU.ActiveCfg = Release|Any CPU
		{E48DC4CD-7D1A-417E-89D6-2E5D49BE1972}.Release|Any CPU.Build.0 = Release|Any CPU
		{9A695B48-3BA9-444C-B779-57DDC56F56D6}.Debug|Any CPU.ActiveCfg = Debug|Any CPU
		{9A695B48-3BA9-444C-B779-57DDC56F56D6}.Debug|Any CPU.Build.0 = Debug|Any CPU
		{9A695B48-3BA9-444C-B779-57DDC56F56D6}.Release|Any CPU.ActiveCfg = Release|Any CPU
		{9A695B48-3BA9-444C-B779-57DDC56F56D6}.Release|Any CPU.Build.0 = Release|Any CPU
		{93D6ABF2-A54A-4F38-B1F6-ED8BE7838780}.Debug|Any CPU.ActiveCfg = Debug|Any CPU
		{93D6ABF2-A54A-4F38-B1F6-ED8BE7838780}.Debug|Any CPU.Build.0 = Debug|Any CPU
		{93D6ABF2-A54A-4F38-B1F6-ED8BE7838780}.Release|Any CPU.ActiveCfg = Release|Any CPU
		{93D6ABF2-A54A-4F38-B1F6-ED8BE7838780}.Release|Any CPU.Build.0 = Release|Any CPU
	EndGlobalSection
	GlobalSection(SolutionProperties) = preSolution
		HideSolutionNode = FALSE
	EndGlobalSection
	GlobalSection(ExtensibilityGlobals) = postSolution
		SolutionGuid = {62104D25-445C-479B-B29E-EDFCCBF38ADF}
	EndGlobalSection
EndGlobal
